// !$*UTF8*$!
{
	archiveVersion = 1;
	classes = {
	};
	objectVersion = 48;
	objects = {

/* Begin PBXBuildFile section */
		4A26B0701E7195760098B034 /* Utils.swift in Sources */ = {isa = PBXBuildFile; fileRef = 4A68C2101DB5474F0063CA01 /* Utils.swift */; };
		4A26B0721E71A1900098B034 /* TransportHelper.swift in Sources */ = {isa = PBXBuildFile; fileRef = 4A68C21A1DB5D0600063CA01 /* TransportHelper.swift */; };
		4A26B0731E71A1A90098B034 /* DataReader.swift in Sources */ = {isa = PBXBuildFile; fileRef = 4A68C2141DB5D03E0063CA01 /* DataReader.swift */; };
		4A26B0741E71A1AB0098B034 /* DataWriter.swift in Sources */ = {isa = PBXBuildFile; fileRef = 4A68C2151DB5D03E0063CA01 /* DataWriter.swift */; };
		4A26B0751E71A1BB0098B034 /* EndianConvertible.swift in Sources */ = {isa = PBXBuildFile; fileRef = 4A68C2161DB5D03E0063CA01 /* EndianConvertible.swift */; };
		4A3BFF1E1E712F8800491E84 /* AppDelegate.swift in Sources */ = {isa = PBXBuildFile; fileRef = 4A3BFF1D1E712F8800491E84 /* AppDelegate.swift */; };
		4A3BFF201E712F8800491E84 /* ViewControllerMac.swift in Sources */ = {isa = PBXBuildFile; fileRef = 4A3BFF1F1E712F8800491E84 /* ViewControllerMac.swift */; };
		4A3BFF221E712F8800491E84 /* Assets.xcassets in Resources */ = {isa = PBXBuildFile; fileRef = 4A3BFF211E712F8800491E84 /* Assets.xcassets */; };
		4A3BFF251E712F8800491E84 /* Main.storyboard in Resources */ = {isa = PBXBuildFile; fileRef = 4A3BFF231E712F8800491E84 /* Main.storyboard */; };
		4A3BFF2B1E713A5100491E84 /* U2FEmulator.swift in Sources */ = {isa = PBXBuildFile; fileRef = 4A3BFF2A1E713A5100491E84 /* U2FEmulator.swift */; };
		4A68C1FA1DB504C30063CA01 /* u2fFramework.framework in Frameworks */ = {isa = PBXBuildFile; fileRef = 4A68C1F01DB504C30063CA01 /* u2fFramework.framework */; };
		4A68C2011DB504C30063CA01 /* u2fFramework.h in Headers */ = {isa = PBXBuildFile; fileRef = 4A68C1F31DB504C30063CA01 /* u2fFramework.h */; settings = {ATTRIBUTES = (Public, ); }; };
		4A68C20D1DB5118B0063CA01 /* APDU.swift in Sources */ = {isa = PBXBuildFile; fileRef = 4A68C20C1DB5118B0063CA01 /* APDU.swift */; };
		4A68C20F1DB517D10063CA01 /* APDUTests.swift in Sources */ = {isa = PBXBuildFile; fileRef = 4A68C20E1DB517D10063CA01 /* APDUTests.swift */; };
		4A68C2111DB5474F0063CA01 /* Utils.swift in Sources */ = {isa = PBXBuildFile; fileRef = 4A68C2101DB5474F0063CA01 /* Utils.swift */; };
		4A68C2131DB547A40063CA01 /* UtilsTests.swift in Sources */ = {isa = PBXBuildFile; fileRef = 4A68C2121DB547A40063CA01 /* UtilsTests.swift */; };
		4A68C2171DB5D03E0063CA01 /* DataReader.swift in Sources */ = {isa = PBXBuildFile; fileRef = 4A68C2141DB5D03E0063CA01 /* DataReader.swift */; };
		4A68C2181DB5D03E0063CA01 /* DataWriter.swift in Sources */ = {isa = PBXBuildFile; fileRef = 4A68C2151DB5D03E0063CA01 /* DataWriter.swift */; };
		4A68C2191DB5D03E0063CA01 /* EndianConvertible.swift in Sources */ = {isa = PBXBuildFile; fileRef = 4A68C2161DB5D03E0063CA01 /* EndianConvertible.swift */; };
		4A68C21D1DB5D77B0063CA01 /* DataWriterTests.swift in Sources */ = {isa = PBXBuildFile; fileRef = 4A68C21C1DB5D77B0063CA01 /* DataWriterTests.swift */; };
		4A68C21F1DB5F3F00063CA01 /* DataReaderTests.swift in Sources */ = {isa = PBXBuildFile; fileRef = 4A68C21E1DB5F3F00063CA01 /* DataReaderTests.swift */; };
		4A68C2201DB5FB880063CA01 /* TransportHelper.swift in Sources */ = {isa = PBXBuildFile; fileRef = 4A68C21A1DB5D0600063CA01 /* TransportHelper.swift */; };
		4A68C2221DB5FCA30063CA01 /* TransportHelperTests.swift in Sources */ = {isa = PBXBuildFile; fileRef = 4A68C2211DB5FCA30063CA01 /* TransportHelperTests.swift */; };
		4A723DB81E724A7200E3F7F5 /* Utils.swift in Sources */ = {isa = PBXBuildFile; fileRef = 4A68C2101DB5474F0063CA01 /* Utils.swift */; };
		4A9564A91E6D3D08006C0BE1 /* u2fFramework.framework in Frameworks */ = {isa = PBXBuildFile; fileRef = 4A68C1F01DB504C30063CA01 /* u2fFramework.framework */; };
		4A9564AA1E6D3D08006C0BE1 /* u2fFramework.framework in Embed Frameworks */ = {isa = PBXBuildFile; fileRef = 4A68C1F01DB504C30063CA01 /* u2fFramework.framework */; settings = {ATTRIBUTES = (CodeSignOnCopy, RemoveHeadersOnCopy, ); }; };
		4A97C0141E6C2F9D0002911F /* CryptoHelperTests.swift in Sources */ = {isa = PBXBuildFile; fileRef = 4A97C0131E6C2F9D0002911F /* CryptoHelperTests.swift */; };
		4AC8BB6A1E6AEE930087E432 /* DeviceManager.swift in Sources */ = {isa = PBXBuildFile; fileRef = 4AC8BB691E6AEE930087E432 /* DeviceManager.swift */; };
		4AC8BB6C1E6AFAC20087E432 /* BluetoothManager.swift in Sources */ = {isa = PBXBuildFile; fileRef = 4AC8BB6B1E6AFAC20087E432 /* BluetoothManager.swift */; };
		4AC905601E6C99300020EBDD /* AppDelegate.swift in Sources */ = {isa = PBXBuildFile; fileRef = 4AC9055F1E6C99300020EBDD /* AppDelegate.swift */; };
		4AC905621E6C99300020EBDD /* ViewController.swift in Sources */ = {isa = PBXBuildFile; fileRef = 4AC905611E6C99300020EBDD /* ViewController.swift */; };
		4AC905651E6C99300020EBDD /* Main.storyboard in Resources */ = {isa = PBXBuildFile; fileRef = 4AC905631E6C99300020EBDD /* Main.storyboard */; };
		4AC905671E6C99300020EBDD /* Assets.xcassets in Resources */ = {isa = PBXBuildFile; fileRef = 4AC905661E6C99300020EBDD /* Assets.xcassets */; };
		4AC9056A1E6C99300020EBDD /* LaunchScreen.storyboard in Resources */ = {isa = PBXBuildFile; fileRef = 4AC905681E6C99300020EBDD /* LaunchScreen.storyboard */; };
		4AD623B61E6C136B00E70307 /* GMEllipticCurveCrypto.h in Headers */ = {isa = PBXBuildFile; fileRef = 4AD623B21E6C136B00E70307 /* GMEllipticCurveCrypto.h */; settings = {ATTRIBUTES = (Public, ); }; };
		4AD623B71E6C136B00E70307 /* GMEllipticCurveCrypto.m in Sources */ = {isa = PBXBuildFile; fileRef = 4AD623B31E6C136B00E70307 /* GMEllipticCurveCrypto.m */; };
		4AD623B81E6C136B00E70307 /* GMEllipticCurveCrypto+hash.h in Headers */ = {isa = PBXBuildFile; fileRef = 4AD623B41E6C136B00E70307 /* GMEllipticCurveCrypto+hash.h */; settings = {ATTRIBUTES = (Public, ); }; };
		4AD623B91E6C136B00E70307 /* GMEllipticCurveCrypto+hash.m in Sources */ = {isa = PBXBuildFile; fileRef = 4AD623B51E6C136B00E70307 /* GMEllipticCurveCrypto+hash.m */; };
		4AD623BD1E6C142800E70307 /* Keychain.h in Headers */ = {isa = PBXBuildFile; fileRef = 4AD623BB1E6C142800E70307 /* Keychain.h */; settings = {ATTRIBUTES = (Public, ); }; };
		4AD623BE1E6C142800E70307 /* Keychain.m in Sources */ = {isa = PBXBuildFile; fileRef = 4AD623BC1E6C142800E70307 /* Keychain.m */; };
		4AF23F051E6C163D009FC2E2 /* CryptoHelper.swift in Sources */ = {isa = PBXBuildFile; fileRef = 4AF23F041E6C163D009FC2E2 /* CryptoHelper.swift */; };
/* End PBXBuildFile section */

/* Begin PBXContainerItemProxy section */
		4A68C1FB1DB504C30063CA01 /* PBXContainerItemProxy */ = {
			isa = PBXContainerItemProxy;
			containerPortal = 4A68C1E71DB504C30063CA01 /* Project object */;
			proxyType = 1;
			remoteGlobalIDString = 4A68C1EF1DB504C30063CA01;
			remoteInfo = u2fFramework;
		};
		4A9564AB1E6D3D08006C0BE1 /* PBXContainerItemProxy */ = {
			isa = PBXContainerItemProxy;
			containerPortal = 4A68C1E71DB504C30063CA01 /* Project object */;
			proxyType = 1;
			remoteGlobalIDString = 4A68C1EF1DB504C30063CA01;
			remoteInfo = u2fFramework;
		};
		4AC905701E6C99650020EBDD /* PBXContainerItemProxy */ = {
			isa = PBXContainerItemProxy;
			containerPortal = 4A68C1E71DB504C30063CA01 /* Project object */;
			proxyType = 1;
			remoteGlobalIDString = 4AC9055C1E6C99300020EBDD;
			remoteInfo = u2fFrameworkDemo;
		};
/* End PBXContainerItemProxy section */

/* Begin PBXCopyFilesBuildPhase section */
		4A9564AD1E6D3D08006C0BE1 /* Embed Frameworks */ = {
			isa = PBXCopyFilesBuildPhase;
			buildActionMask = 2147483647;
			dstPath = "";
			dstSubfolderSpec = 10;
			files = (
				4A9564AA1E6D3D08006C0BE1 /* u2fFramework.framework in Embed Frameworks */,
			);
			name = "Embed Frameworks";
			runOnlyForDeploymentPostprocessing = 0;
		};
/* End PBXCopyFilesBuildPhase section */

/* Begin PBXFileReference section */
		4A3BFF1B1E712F8700491E84 /* u2fEmulatorMac.app */ = {isa = PBXFileReference; explicitFileType = wrapper.application; includeInIndex = 0; path = u2fEmulatorMac.app; sourceTree = BUILT_PRODUCTS_DIR; };
		4A3BFF1D1E712F8800491E84 /* AppDelegate.swift */ = {isa = PBXFileReference; lastKnownFileType = sourcecode.swift; path = AppDelegate.swift; sourceTree = "<group>"; };
		4A3BFF1F1E712F8800491E84 /* ViewControllerMac.swift */ = {isa = PBXFileReference; lastKnownFileType = sourcecode.swift; path = ViewControllerMac.swift; sourceTree = "<group>"; };
		4A3BFF211E712F8800491E84 /* Assets.xcassets */ = {isa = PBXFileReference; lastKnownFileType = folder.assetcatalog; path = Assets.xcassets; sourceTree = "<group>"; };
		4A3BFF241E712F8800491E84 /* Base */ = {isa = PBXFileReference; lastKnownFileType = file.storyboard; name = Base; path = Base.lproj/Main.storyboard; sourceTree = "<group>"; };
		4A3BFF261E712F8800491E84 /* Info.plist */ = {isa = PBXFileReference; lastKnownFileType = text.plist.xml; path = Info.plist; sourceTree = "<group>"; };
		4A3BFF2A1E713A5100491E84 /* U2FEmulator.swift */ = {isa = PBXFileReference; fileEncoding = 4; lastKnownFileType = sourcecode.swift; path = U2FEmulator.swift; sourceTree = "<group>"; };
		4A68C1F01DB504C30063CA01 /* u2fFramework.framework */ = {isa = PBXFileReference; explicitFileType = wrapper.framework; includeInIndex = 0; path = u2fFramework.framework; sourceTree = BUILT_PRODUCTS_DIR; };
		4A68C1F31DB504C30063CA01 /* u2fFramework.h */ = {isa = PBXFileReference; lastKnownFileType = sourcecode.c.h; path = u2fFramework.h; sourceTree = "<group>"; };
		4A68C1F41DB504C30063CA01 /* Info.plist */ = {isa = PBXFileReference; lastKnownFileType = text.plist.xml; path = Info.plist; sourceTree = "<group>"; };
		4A68C1F91DB504C30063CA01 /* u2fFrameworkTests.xctest */ = {isa = PBXFileReference; explicitFileType = wrapper.cfbundle; includeInIndex = 0; path = u2fFrameworkTests.xctest; sourceTree = BUILT_PRODUCTS_DIR; };
		4A68C2001DB504C30063CA01 /* Info.plist */ = {isa = PBXFileReference; lastKnownFileType = text.plist.xml; path = Info.plist; sourceTree = "<group>"; };
		4A68C20C1DB5118B0063CA01 /* APDU.swift */ = {isa = PBXFileReference; fileEncoding = 4; lastKnownFileType = sourcecode.swift; path = APDU.swift; sourceTree = "<group>"; };
		4A68C20E1DB517D10063CA01 /* APDUTests.swift */ = {isa = PBXFileReference; fileEncoding = 4; lastKnownFileType = sourcecode.swift; path = APDUTests.swift; sourceTree = "<group>"; };
		4A68C2101DB5474F0063CA01 /* Utils.swift */ = {isa = PBXFileReference; fileEncoding = 4; lastKnownFileType = sourcecode.swift; path = Utils.swift; sourceTree = "<group>"; };
		4A68C2121DB547A40063CA01 /* UtilsTests.swift */ = {isa = PBXFileReference; fileEncoding = 4; lastKnownFileType = sourcecode.swift; path = UtilsTests.swift; sourceTree = "<group>"; };
		4A68C2141DB5D03E0063CA01 /* DataReader.swift */ = {isa = PBXFileReference; fileEncoding = 4; lastKnownFileType = sourcecode.swift; path = DataReader.swift; sourceTree = "<group>"; };
		4A68C2151DB5D03E0063CA01 /* DataWriter.swift */ = {isa = PBXFileReference; fileEncoding = 4; lastKnownFileType = sourcecode.swift; path = DataWriter.swift; sourceTree = "<group>"; };
		4A68C2161DB5D03E0063CA01 /* EndianConvertible.swift */ = {isa = PBXFileReference; fileEncoding = 4; lastKnownFileType = sourcecode.swift; path = EndianConvertible.swift; sourceTree = "<group>"; };
		4A68C21A1DB5D0600063CA01 /* TransportHelper.swift */ = {isa = PBXFileReference; fileEncoding = 4; lastKnownFileType = sourcecode.swift; path = TransportHelper.swift; sourceTree = "<group>"; };
		4A68C21C1DB5D77B0063CA01 /* DataWriterTests.swift */ = {isa = PBXFileReference; fileEncoding = 4; lastKnownFileType = sourcecode.swift; path = DataWriterTests.swift; sourceTree = "<group>"; };
		4A68C21E1DB5F3F00063CA01 /* DataReaderTests.swift */ = {isa = PBXFileReference; fileEncoding = 4; lastKnownFileType = sourcecode.swift; path = DataReaderTests.swift; sourceTree = "<group>"; };
		4A68C2211DB5FCA30063CA01 /* TransportHelperTests.swift */ = {isa = PBXFileReference; fileEncoding = 4; lastKnownFileType = sourcecode.swift; path = TransportHelperTests.swift; sourceTree = "<group>"; };
		4A97C0131E6C2F9D0002911F /* CryptoHelperTests.swift */ = {isa = PBXFileReference; fileEncoding = 4; lastKnownFileType = sourcecode.swift; path = CryptoHelperTests.swift; sourceTree = "<group>"; };
		4AC8BB691E6AEE930087E432 /* DeviceManager.swift */ = {isa = PBXFileReference; fileEncoding = 4; lastKnownFileType = sourcecode.swift; path = DeviceManager.swift; sourceTree = "<group>"; };
		4AC8BB6B1E6AFAC20087E432 /* BluetoothManager.swift */ = {isa = PBXFileReference; fileEncoding = 4; lastKnownFileType = sourcecode.swift; path = BluetoothManager.swift; sourceTree = "<group>"; };
		4AC9055D1E6C99300020EBDD /* u2fFrameworkDemo.app */ = {isa = PBXFileReference; explicitFileType = wrapper.application; includeInIndex = 0; path = u2fFrameworkDemo.app; sourceTree = BUILT_PRODUCTS_DIR; };
		4AC9055F1E6C99300020EBDD /* AppDelegate.swift */ = {isa = PBXFileReference; lastKnownFileType = sourcecode.swift; path = AppDelegate.swift; sourceTree = "<group>"; };
		4AC905611E6C99300020EBDD /* ViewController.swift */ = {isa = PBXFileReference; lastKnownFileType = sourcecode.swift; path = ViewController.swift; sourceTree = "<group>"; };
		4AC905641E6C99300020EBDD /* Base */ = {isa = PBXFileReference; lastKnownFileType = file.storyboard; name = Base; path = Base.lproj/Main.storyboard; sourceTree = "<group>"; };
		4AC905661E6C99300020EBDD /* Assets.xcassets */ = {isa = PBXFileReference; lastKnownFileType = folder.assetcatalog; path = Assets.xcassets; sourceTree = "<group>"; };
		4AC905691E6C99300020EBDD /* Base */ = {isa = PBXFileReference; lastKnownFileType = file.storyboard; name = Base; path = Base.lproj/LaunchScreen.storyboard; sourceTree = "<group>"; };
		4AC9056B1E6C99300020EBDD /* Info.plist */ = {isa = PBXFileReference; lastKnownFileType = text.plist.xml; path = Info.plist; sourceTree = "<group>"; };
		4AC9056F1E6C99480020EBDD /* u2fFrameworkDemo.entitlements */ = {isa = PBXFileReference; lastKnownFileType = text.plist.entitlements; path = u2fFrameworkDemo.entitlements; sourceTree = "<group>"; };
		4AD623B21E6C136B00E70307 /* GMEllipticCurveCrypto.h */ = {isa = PBXFileReference; fileEncoding = 4; lastKnownFileType = sourcecode.c.h; name = GMEllipticCurveCrypto.h; path = GMEllipticCurveCrypto/GMEllipticCurveCrypto.h; sourceTree = "<group>"; };
		4AD623B31E6C136B00E70307 /* GMEllipticCurveCrypto.m */ = {isa = PBXFileReference; fileEncoding = 4; lastKnownFileType = sourcecode.c.objc; name = GMEllipticCurveCrypto.m; path = GMEllipticCurveCrypto/GMEllipticCurveCrypto.m; sourceTree = "<group>"; };
		4AD623B41E6C136B00E70307 /* GMEllipticCurveCrypto+hash.h */ = {isa = PBXFileReference; fileEncoding = 4; lastKnownFileType = sourcecode.c.h; name = "GMEllipticCurveCrypto+hash.h"; path = "GMEllipticCurveCrypto/GMEllipticCurveCrypto+hash.h"; sourceTree = "<group>"; };
		4AD623B51E6C136B00E70307 /* GMEllipticCurveCrypto+hash.m */ = {isa = PBXFileReference; fileEncoding = 4; lastKnownFileType = sourcecode.c.objc; name = "GMEllipticCurveCrypto+hash.m"; path = "GMEllipticCurveCrypto/GMEllipticCurveCrypto+hash.m"; sourceTree = "<group>"; };
		4AD623BB1E6C142800E70307 /* Keychain.h */ = {isa = PBXFileReference; fileEncoding = 4; lastKnownFileType = sourcecode.c.h; path = Keychain.h; sourceTree = "<group>"; };
		4AD623BC1E6C142800E70307 /* Keychain.m */ = {isa = PBXFileReference; fileEncoding = 4; lastKnownFileType = sourcecode.c.objc; path = Keychain.m; sourceTree = "<group>"; };
		4AF23F041E6C163D009FC2E2 /* CryptoHelper.swift */ = {isa = PBXFileReference; fileEncoding = 4; lastKnownFileType = sourcecode.swift; path = CryptoHelper.swift; sourceTree = "<group>"; };
/* End PBXFileReference section */

/* Begin PBXFrameworksBuildPhase section */
		4A3BFF181E712F8700491E84 /* Frameworks */ = {
			isa = PBXFrameworksBuildPhase;
			buildActionMask = 2147483647;
			files = (
			);
			runOnlyForDeploymentPostprocessing = 0;
		};
		4A68C1EC1DB504C30063CA01 /* Frameworks */ = {
			isa = PBXFrameworksBuildPhase;
			buildActionMask = 2147483647;
			files = (
			);
			runOnlyForDeploymentPostprocessing = 0;
		};
		4A68C1F61DB504C30063CA01 /* Frameworks */ = {
			isa = PBXFrameworksBuildPhase;
			buildActionMask = 2147483647;
			files = (
				4A68C1FA1DB504C30063CA01 /* u2fFramework.framework in Frameworks */,
			);
			runOnlyForDeploymentPostprocessing = 0;
		};
		4AC9055A1E6C99300020EBDD /* Frameworks */ = {
			isa = PBXFrameworksBuildPhase;
			buildActionMask = 2147483647;
			files = (
				4A9564A91E6D3D08006C0BE1 /* u2fFramework.framework in Frameworks */,
			);
			runOnlyForDeploymentPostprocessing = 0;
		};
/* End PBXFrameworksBuildPhase section */

/* Begin PBXGroup section */
		4A3BFF1C1E712F8700491E84 /* u2fEmulatorMac */ = {
			isa = PBXGroup;
			children = (
				4A3BFF1D1E712F8800491E84 /* AppDelegate.swift */,
				4A3BFF1F1E712F8800491E84 /* ViewControllerMac.swift */,
				4A3BFF2A1E713A5100491E84 /* U2FEmulator.swift */,
				4A3BFF211E712F8800491E84 /* Assets.xcassets */,
				4A3BFF231E712F8800491E84 /* Main.storyboard */,
				4A3BFF261E712F8800491E84 /* Info.plist */,
			);
			path = u2fEmulatorMac;
			sourceTree = "<group>";
		};
		4A68C1E61DB504C30063CA01 = {
			isa = PBXGroup;
			children = (
				4A68C1F21DB504C30063CA01 /* u2fFramework */,
				4A68C1FD1DB504C30063CA01 /* u2fFrameworkTests */,
				4AC9055E1E6C99300020EBDD /* u2fFrameworkDemo */,
				4A3BFF1C1E712F8700491E84 /* u2fEmulatorMac */,
				4A68C1F11DB504C30063CA01 /* Products */,
			);
			sourceTree = "<group>";
		};
		4A68C1F11DB504C30063CA01 /* Products */ = {
			isa = PBXGroup;
			children = (
				4A68C1F01DB504C30063CA01 /* u2fFramework.framework */,
				4A68C1F91DB504C30063CA01 /* u2fFrameworkTests.xctest */,
				4AC9055D1E6C99300020EBDD /* u2fFrameworkDemo.app */,
				4A3BFF1B1E712F8700491E84 /* u2fEmulatorMac.app */,
			);
			name = Products;
			sourceTree = "<group>";
		};
		4A68C1F21DB504C30063CA01 /* u2fFramework */ = {
			isa = PBXGroup;
			children = (
				4A68C1F31DB504C30063CA01 /* u2fFramework.h */,
				4A68C1F41DB504C30063CA01 /* Info.plist */,
				4A68C20C1DB5118B0063CA01 /* APDU.swift */,
				4AD623C01E6C146100E70307 /* Managers */,
				4AD623BF1E6C144D00E70307 /* Utils */,
				4AD623BA1E6C138D00E70307 /* GMEllipticCurveCrypto */,
			);
			path = u2fFramework;
			sourceTree = "<group>";
		};
		4A68C1FD1DB504C30063CA01 /* u2fFrameworkTests */ = {
			isa = PBXGroup;
			children = (
				4A97C0131E6C2F9D0002911F /* CryptoHelperTests.swift */,
				4A68C20E1DB517D10063CA01 /* APDUTests.swift */,
				4A68C21C1DB5D77B0063CA01 /* DataWriterTests.swift */,
				4A68C21E1DB5F3F00063CA01 /* DataReaderTests.swift */,
				4A68C2211DB5FCA30063CA01 /* TransportHelperTests.swift */,
				4A68C2121DB547A40063CA01 /* UtilsTests.swift */,
				4A68C2001DB504C30063CA01 /* Info.plist */,
			);
			path = u2fFrameworkTests;
			sourceTree = "<group>";
		};
		4AC9055E1E6C99300020EBDD /* u2fFrameworkDemo */ = {
			isa = PBXGroup;
			children = (
				4AC9056F1E6C99480020EBDD /* u2fFrameworkDemo.entitlements */,
				4AC9055F1E6C99300020EBDD /* AppDelegate.swift */,
				4AC905611E6C99300020EBDD /* ViewController.swift */,
				4AC905631E6C99300020EBDD /* Main.storyboard */,
				4AC905661E6C99300020EBDD /* Assets.xcassets */,
				4AC905681E6C99300020EBDD /* LaunchScreen.storyboard */,
				4AC9056B1E6C99300020EBDD /* Info.plist */,
			);
			path = u2fFrameworkDemo;
			sourceTree = "<group>";
		};
		4AD623BA1E6C138D00E70307 /* GMEllipticCurveCrypto */ = {
			isa = PBXGroup;
			children = (
				4AD623B21E6C136B00E70307 /* GMEllipticCurveCrypto.h */,
				4AD623B31E6C136B00E70307 /* GMEllipticCurveCrypto.m */,
				4AD623B41E6C136B00E70307 /* GMEllipticCurveCrypto+hash.h */,
				4AD623B51E6C136B00E70307 /* GMEllipticCurveCrypto+hash.m */,
			);
			name = GMEllipticCurveCrypto;
			sourceTree = "<group>";
		};
		4AD623BF1E6C144D00E70307 /* Utils */ = {
			isa = PBXGroup;
			children = (
				4A68C2101DB5474F0063CA01 /* Utils.swift */,
				4A68C21A1DB5D0600063CA01 /* TransportHelper.swift */,
				4AF23F041E6C163D009FC2E2 /* CryptoHelper.swift */,
				4A68C2141DB5D03E0063CA01 /* DataReader.swift */,
				4A68C2151DB5D03E0063CA01 /* DataWriter.swift */,
				4A68C2161DB5D03E0063CA01 /* EndianConvertible.swift */,
				4AD623BB1E6C142800E70307 /* Keychain.h */,
				4AD623BC1E6C142800E70307 /* Keychain.m */,
			);
			name = Utils;
			sourceTree = "<group>";
		};
		4AD623C01E6C146100E70307 /* Managers */ = {
			isa = PBXGroup;
			children = (
				4AC8BB691E6AEE930087E432 /* DeviceManager.swift */,
				4AC8BB6B1E6AFAC20087E432 /* BluetoothManager.swift */,
			);
			name = Managers;
			sourceTree = "<group>";
		};
/* End PBXGroup section */

/* Begin PBXHeadersBuildPhase section */
		4A68C1ED1DB504C30063CA01 /* Headers */ = {
			isa = PBXHeadersBuildPhase;
			buildActionMask = 2147483647;
			files = (
				4AD623BD1E6C142800E70307 /* Keychain.h in Headers */,
				4A68C2011DB504C30063CA01 /* u2fFramework.h in Headers */,
				4AD623B81E6C136B00E70307 /* GMEllipticCurveCrypto+hash.h in Headers */,
				4AD623B61E6C136B00E70307 /* GMEllipticCurveCrypto.h in Headers */,
			);
			runOnlyForDeploymentPostprocessing = 0;
		};
/* End PBXHeadersBuildPhase section */

/* Begin PBXNativeTarget section */
		4A3BFF1A1E712F8700491E84 /* u2fEmulatorMac */ = {
			isa = PBXNativeTarget;
			buildConfigurationList = 4A3BFF291E712F8800491E84 /* Build configuration list for PBXNativeTarget "u2fEmulatorMac" */;
			buildPhases = (
				4A3BFF171E712F8700491E84 /* Sources */,
				4A3BFF181E712F8700491E84 /* Frameworks */,
				4A3BFF191E712F8700491E84 /* Resources */,
			);
			buildRules = (
			);
			dependencies = (
			);
			name = u2fEmulatorMac;
			productName = u2fEmulatorMac;
			productReference = 4A3BFF1B1E712F8700491E84 /* u2fEmulatorMac.app */;
			productType = "com.apple.product-type.application";
		};
		4A68C1EF1DB504C30063CA01 /* u2fFramework */ = {
			isa = PBXNativeTarget;
			buildConfigurationList = 4A68C2041DB504C30063CA01 /* Build configuration list for PBXNativeTarget "u2fFramework" */;
			buildPhases = (
				4A68C1EB1DB504C30063CA01 /* Sources */,
				4A68C1EC1DB504C30063CA01 /* Frameworks */,
				4A68C1ED1DB504C30063CA01 /* Headers */,
				4A68C1EE1DB504C30063CA01 /* Resources */,
			);
			buildRules = (
			);
			dependencies = (
			);
			name = u2fFramework;
			productName = u2fFramework;
			productReference = 4A68C1F01DB504C30063CA01 /* u2fFramework.framework */;
			productType = "com.apple.product-type.framework";
		};
		4A68C1F81DB504C30063CA01 /* u2fFrameworkTests */ = {
			isa = PBXNativeTarget;
			buildConfigurationList = 4A68C2071DB504C30063CA01 /* Build configuration list for PBXNativeTarget "u2fFrameworkTests" */;
			buildPhases = (
				4A68C1F51DB504C30063CA01 /* Sources */,
				4A68C1F61DB504C30063CA01 /* Frameworks */,
				4A68C1F71DB504C30063CA01 /* Resources */,
			);
			buildRules = (
			);
			dependencies = (
				4A68C1FC1DB504C30063CA01 /* PBXTargetDependency */,
				4AC905711E6C99650020EBDD /* PBXTargetDependency */,
			);
			name = u2fFrameworkTests;
			productName = u2fFrameworkTests;
			productReference = 4A68C1F91DB504C30063CA01 /* u2fFrameworkTests.xctest */;
			productType = "com.apple.product-type.bundle.unit-test";
		};
		4AC9055C1E6C99300020EBDD /* u2fFrameworkDemo */ = {
			isa = PBXNativeTarget;
			buildConfigurationList = 4AC9056E1E6C99300020EBDD /* Build configuration list for PBXNativeTarget "u2fFrameworkDemo" */;
			buildPhases = (
				4AC905591E6C99300020EBDD /* Sources */,
				4AC9055A1E6C99300020EBDD /* Frameworks */,
				4AC9055B1E6C99300020EBDD /* Resources */,
				4A9564AD1E6D3D08006C0BE1 /* Embed Frameworks */,
			);
			buildRules = (
			);
			dependencies = (
				4A9564AC1E6D3D08006C0BE1 /* PBXTargetDependency */,
			);
			name = u2fFrameworkDemo;
			productName = u2fFrameworkDemo;
			productReference = 4AC9055D1E6C99300020EBDD /* u2fFrameworkDemo.app */;
			productType = "com.apple.product-type.application";
		};
/* End PBXNativeTarget section */

/* Begin PBXProject section */
		4A68C1E71DB504C30063CA01 /* Project object */ = {
			isa = PBXProject;
			attributes = {
				LastSwiftUpdateCheck = 0810;
				LastUpgradeCheck = 0810;
				ORGANIZATIONNAME = "Владислав Лисянский";
				TargetAttributes = {
					4A3BFF1A1E712F8700491E84 = {
						CreatedOnToolsVersion = 8.1;
						ProvisioningStyle = Automatic;
					};
					4A68C1EF1DB504C30063CA01 = {
						CreatedOnToolsVersion = 8.0;
						LastSwiftMigration = 0800;
						ProvisioningStyle = Automatic;
					};
					4A68C1F81DB504C30063CA01 = {
						CreatedOnToolsVersion = 8.0;
						ProvisioningStyle = Automatic;
						TestTargetID = 4AC9055C1E6C99300020EBDD;
					};
					4AC9055C1E6C99300020EBDD = {
						CreatedOnToolsVersion = 8.2.1;
						ProvisioningStyle = Automatic;
						SystemCapabilities = {
							com.apple.Keychain = {
								enabled = 1;
							};
						};
					};
				};
			};
			buildConfigurationList = 4A68C1EA1DB504C30063CA01 /* Build configuration list for PBXProject "u2fFramework" */;
			compatibilityVersion = "Xcode 8.0";
			developmentRegion = English;
			hasScannedForEncodings = 0;
			knownRegions = (
				en,
				Base,
			);
			mainGroup = 4A68C1E61DB504C30063CA01;
			productRefGroup = 4A68C1F11DB504C30063CA01 /* Products */;
			projectDirPath = "";
			projectRoot = "";
			targets = (
				4A68C1EF1DB504C30063CA01 /* u2fFramework */,
				4A68C1F81DB504C30063CA01 /* u2fFrameworkTests */,
				4AC9055C1E6C99300020EBDD /* u2fFrameworkDemo */,
				4A3BFF1A1E712F8700491E84 /* u2fEmulatorMac */,
			);
		};
/* End PBXProject section */

/* Begin PBXResourcesBuildPhase section */
		4A3BFF191E712F8700491E84 /* Resources */ = {
			isa = PBXResourcesBuildPhase;
			buildActionMask = 2147483647;
			files = (
				4A3BFF221E712F8800491E84 /* Assets.xcassets in Resources */,
				4A3BFF251E712F8800491E84 /* Main.storyboard in Resources */,
			);
			runOnlyForDeploymentPostprocessing = 0;
		};
		4A68C1EE1DB504C30063CA01 /* Resources */ = {
			isa = PBXResourcesBuildPhase;
			buildActionMask = 2147483647;
			files = (
			);
			runOnlyForDeploymentPostprocessing = 0;
		};
		4A68C1F71DB504C30063CA01 /* Resources */ = {
			isa = PBXResourcesBuildPhase;
			buildActionMask = 2147483647;
			files = (
			);
			runOnlyForDeploymentPostprocessing = 0;
		};
		4AC9055B1E6C99300020EBDD /* Resources */ = {
			isa = PBXResourcesBuildPhase;
			buildActionMask = 2147483647;
			files = (
				4AC9056A1E6C99300020EBDD /* LaunchScreen.storyboard in Resources */,
				4AC905671E6C99300020EBDD /* Assets.xcassets in Resources */,
				4AC905651E6C99300020EBDD /* Main.storyboard in Resources */,
			);
			runOnlyForDeploymentPostprocessing = 0;
		};
/* End PBXResourcesBuildPhase section */

/* Begin PBXSourcesBuildPhase section */
		4A3BFF171E712F8700491E84 /* Sources */ = {
			isa = PBXSourcesBuildPhase;
			buildActionMask = 2147483647;
			files = (
				4A3BFF2B1E713A5100491E84 /* U2FEmulator.swift in Sources */,
				4A3BFF201E712F8800491E84 /* ViewControllerMac.swift in Sources */,
				4A3BFF1E1E712F8800491E84 /* AppDelegate.swift in Sources */,
				4A26B0741E71A1AB0098B034 /* DataWriter.swift in Sources */,
				4A26B0721E71A1900098B034 /* TransportHelper.swift in Sources */,
				4A26B0731E71A1A90098B034 /* DataReader.swift in Sources */,
				4A26B0751E71A1BB0098B034 /* EndianConvertible.swift in Sources */,
				4A26B0701E7195760098B034 /* Utils.swift in Sources */,
			);
			runOnlyForDeploymentPostprocessing = 0;
		};
		4A68C1EB1DB504C30063CA01 /* Sources */ = {
			isa = PBXSourcesBuildPhase;
			buildActionMask = 2147483647;
			files = (
				4AD623B71E6C136B00E70307 /* GMEllipticCurveCrypto.m in Sources */,
				4A68C2171DB5D03E0063CA01 /* DataReader.swift in Sources */,
				4AC8BB6A1E6AEE930087E432 /* DeviceManager.swift in Sources */,
				4A68C2201DB5FB880063CA01 /* TransportHelper.swift in Sources */,
				4A68C2181DB5D03E0063CA01 /* DataWriter.swift in Sources */,
				4AD623B91E6C136B00E70307 /* GMEllipticCurveCrypto+hash.m in Sources */,
				4A68C20D1DB5118B0063CA01 /* APDU.swift in Sources */,
				4AF23F051E6C163D009FC2E2 /* CryptoHelper.swift in Sources */,
				4A68C2191DB5D03E0063CA01 /* EndianConvertible.swift in Sources */,
				4AD623BE1E6C142800E70307 /* Keychain.m in Sources */,
				4AC8BB6C1E6AFAC20087E432 /* BluetoothManager.swift in Sources */,
				4A68C2111DB5474F0063CA01 /* Utils.swift in Sources */,
			);
			runOnlyForDeploymentPostprocessing = 0;
		};
		4A68C1F51DB504C30063CA01 /* Sources */ = {
			isa = PBXSourcesBuildPhase;
			buildActionMask = 2147483647;
			files = (
				4A68C20F1DB517D10063CA01 /* APDUTests.swift in Sources */,
				4A68C21F1DB5F3F00063CA01 /* DataReaderTests.swift in Sources */,
				4A68C2221DB5FCA30063CA01 /* TransportHelperTests.swift in Sources */,
				4A68C21D1DB5D77B0063CA01 /* DataWriterTests.swift in Sources */,
				4A68C2131DB547A40063CA01 /* UtilsTests.swift in Sources */,
				4A97C0141E6C2F9D0002911F /* CryptoHelperTests.swift in Sources */,
			);
			runOnlyForDeploymentPostprocessing = 0;
		};
		4AC905591E6C99300020EBDD /* Sources */ = {
			isa = PBXSourcesBuildPhase;
			buildActionMask = 2147483647;
			files = (
				4AC905621E6C99300020EBDD /* ViewController.swift in Sources */,
				4AC905601E6C99300020EBDD /* AppDelegate.swift in Sources */,
				4A723DB81E724A7200E3F7F5 /* Utils.swift in Sources */,
			);
			runOnlyForDeploymentPostprocessing = 0;
		};
/* End PBXSourcesBuildPhase section */

/* Begin PBXTargetDependency section */
		4A68C1FC1DB504C30063CA01 /* PBXTargetDependency */ = {
			isa = PBXTargetDependency;
			target = 4A68C1EF1DB504C30063CA01 /* u2fFramework */;
			targetProxy = 4A68C1FB1DB504C30063CA01 /* PBXContainerItemProxy */;
		};
		4A9564AC1E6D3D08006C0BE1 /* PBXTargetDependency */ = {
			isa = PBXTargetDependency;
			target = 4A68C1EF1DB504C30063CA01 /* u2fFramework */;
			targetProxy = 4A9564AB1E6D3D08006C0BE1 /* PBXContainerItemProxy */;
		};
		4AC905711E6C99650020EBDD /* PBXTargetDependency */ = {
			isa = PBXTargetDependency;
			target = 4AC9055C1E6C99300020EBDD /* u2fFrameworkDemo */;
			targetProxy = 4AC905701E6C99650020EBDD /* PBXContainerItemProxy */;
		};
/* End PBXTargetDependency section */

/* Begin PBXVariantGroup section */
		4A3BFF231E712F8800491E84 /* Main.storyboard */ = {
			isa = PBXVariantGroup;
			children = (
				4A3BFF241E712F8800491E84 /* Base */,
			);
			name = Main.storyboard;
			sourceTree = "<group>";
		};
		4AC905631E6C99300020EBDD /* Main.storyboard */ = {
			isa = PBXVariantGroup;
			children = (
				4AC905641E6C99300020EBDD /* Base */,
			);
			name = Main.storyboard;
			sourceTree = "<group>";
		};
		4AC905681E6C99300020EBDD /* LaunchScreen.storyboard */ = {
			isa = PBXVariantGroup;
			children = (
				4AC905691E6C99300020EBDD /* Base */,
			);
			name = LaunchScreen.storyboard;
			sourceTree = "<group>";
		};
/* End PBXVariantGroup section */

/* Begin XCBuildConfiguration section */
		4A3BFF271E712F8800491E84 /* Debug */ = {
			isa = XCBuildConfiguration;
			buildSettings = {
				ASSETCATALOG_COMPILER_APPICON_NAME = AppIcon;
				CODE_SIGN_IDENTITY = "Mac Developer";
				COMBINE_HIDPI_IMAGES = YES;
				DEVELOPMENT_TEAM = 3HSG7M3SCR;
				INFOPLIST_FILE = u2fEmulatorMac/Info.plist;
				LD_RUNPATH_SEARCH_PATHS = "$(inherited) @executable_path/../Frameworks";
				MACOSX_DEPLOYMENT_TARGET = 10.12;
				PRODUCT_BUNDLE_IDENTIFIER = dev.tr1ckyf0x.u2fEmulatorMac;
				PRODUCT_NAME = "$(TARGET_NAME)";
				SDKROOT = macosx;
				SWIFT_VERSION = 3.0;
			};
			name = Debug;
		};
		4A3BFF281E712F8800491E84 /* Release */ = {
			isa = XCBuildConfiguration;
			buildSettings = {
				ASSETCATALOG_COMPILER_APPICON_NAME = AppIcon;
				CODE_SIGN_IDENTITY = "Mac Developer";
				COMBINE_HIDPI_IMAGES = YES;
				DEVELOPMENT_TEAM = 3HSG7M3SCR;
				INFOPLIST_FILE = u2fEmulatorMac/Info.plist;
				LD_RUNPATH_SEARCH_PATHS = "$(inherited) @executable_path/../Frameworks";
				MACOSX_DEPLOYMENT_TARGET = 10.12;
				PRODUCT_BUNDLE_IDENTIFIER = dev.tr1ckyf0x.u2fEmulatorMac;
				PRODUCT_NAME = "$(TARGET_NAME)";
				SDKROOT = macosx;
				SWIFT_VERSION = 3.0;
			};
			name = Release;
		};
		4A68C2021DB504C30063CA01 /* Debug */ = {
			isa = XCBuildConfiguration;
			buildSettings = {
				ALWAYS_SEARCH_USER_PATHS = NO;
				CLANG_ANALYZER_NONNULL = YES;
				CLANG_CXX_LANGUAGE_STANDARD = "gnu++0x";
				CLANG_CXX_LIBRARY = "libc++";
				CLANG_ENABLE_MODULES = YES;
				CLANG_ENABLE_OBJC_ARC = YES;
				CLANG_WARN_BOOL_CONVERSION = YES;
				CLANG_WARN_CONSTANT_CONVERSION = YES;
				CLANG_WARN_DIRECT_OBJC_ISA_USAGE = YES_ERROR;
				CLANG_WARN_DOCUMENTATION_COMMENTS = YES;
				CLANG_WARN_EMPTY_BODY = YES;
				CLANG_WARN_ENUM_CONVERSION = YES;
				CLANG_WARN_INFINITE_RECURSION = YES;
				CLANG_WARN_INT_CONVERSION = YES;
				CLANG_WARN_OBJC_ROOT_CLASS = YES_ERROR;
				CLANG_WARN_SUSPICIOUS_MOVE = YES;
				CLANG_WARN_SUSPICIOUS_MOVES = YES;
				CLANG_WARN_UNREACHABLE_CODE = YES;
				CLANG_WARN__DUPLICATE_METHOD_MATCH = YES;
				"CODE_SIGN_IDENTITY[sdk=iphoneos*]" = "iPhone Developer";
				COPY_PHASE_STRIP = NO;
				CURRENT_PROJECT_VERSION = 1;
				DEBUG_INFORMATION_FORMAT = dwarf;
				ENABLE_STRICT_OBJC_MSGSEND = YES;
				ENABLE_TESTABILITY = YES;
				GCC_C_LANGUAGE_STANDARD = gnu99;
				GCC_DYNAMIC_NO_PIC = NO;
				GCC_NO_COMMON_BLOCKS = YES;
				GCC_OPTIMIZATION_LEVEL = 0;
				GCC_PREPROCESSOR_DEFINITIONS = (
					"DEBUG=1",
					"$(inherited)",
				);
				GCC_WARN_64_TO_32_BIT_CONVERSION = YES;
				GCC_WARN_ABOUT_RETURN_TYPE = YES_ERROR;
				GCC_WARN_UNDECLARED_SELECTOR = YES;
				GCC_WARN_UNINITIALIZED_AUTOS = YES_AGGRESSIVE;
				GCC_WARN_UNUSED_FUNCTION = YES;
				GCC_WARN_UNUSED_VARIABLE = YES;
				IPHONEOS_DEPLOYMENT_TARGET = 8.0;
				MTL_ENABLE_DEBUG_INFO = YES;
				ONLY_ACTIVE_ARCH = YES;
				SDKROOT = iphoneos;
				SWIFT_ACTIVE_COMPILATION_CONDITIONS = DEBUG;
				SWIFT_OPTIMIZATION_LEVEL = "-Onone";
				TARGETED_DEVICE_FAMILY = "1,2";
				VERSIONING_SYSTEM = "apple-generic";
				VERSION_INFO_PREFIX = "";
			};
			name = Debug;
		};
		4A68C2031DB504C30063CA01 /* Release */ = {
			isa = XCBuildConfiguration;
			buildSettings = {
				ALWAYS_SEARCH_USER_PATHS = NO;
				CLANG_ANALYZER_NONNULL = YES;
				CLANG_CXX_LANGUAGE_STANDARD = "gnu++0x";
				CLANG_CXX_LIBRARY = "libc++";
				CLANG_ENABLE_MODULES = YES;
				CLANG_ENABLE_OBJC_ARC = YES;
				CLANG_WARN_BOOL_CONVERSION = YES;
				CLANG_WARN_CONSTANT_CONVERSION = YES;
				CLANG_WARN_DIRECT_OBJC_ISA_USAGE = YES_ERROR;
				CLANG_WARN_DOCUMENTATION_COMMENTS = YES;
				CLANG_WARN_EMPTY_BODY = YES;
				CLANG_WARN_ENUM_CONVERSION = YES;
				CLANG_WARN_INFINITE_RECURSION = YES;
				CLANG_WARN_INT_CONVERSION = YES;
				CLANG_WARN_OBJC_ROOT_CLASS = YES_ERROR;
				CLANG_WARN_SUSPICIOUS_MOVE = YES;
				CLANG_WARN_SUSPICIOUS_MOVES = YES;
				CLANG_WARN_UNREACHABLE_CODE = YES;
				CLANG_WARN__DUPLICATE_METHOD_MATCH = YES;
				"CODE_SIGN_IDENTITY[sdk=iphoneos*]" = "iPhone Developer";
				COPY_PHASE_STRIP = NO;
				CURRENT_PROJECT_VERSION = 1;
				DEBUG_INFORMATION_FORMAT = "dwarf-with-dsym";
				ENABLE_NS_ASSERTIONS = NO;
				ENABLE_STRICT_OBJC_MSGSEND = YES;
				GCC_C_LANGUAGE_STANDARD = gnu99;
				GCC_NO_COMMON_BLOCKS = YES;
				GCC_WARN_64_TO_32_BIT_CONVERSION = YES;
				GCC_WARN_ABOUT_RETURN_TYPE = YES_ERROR;
				GCC_WARN_UNDECLARED_SELECTOR = YES;
				GCC_WARN_UNINITIALIZED_AUTOS = YES_AGGRESSIVE;
				GCC_WARN_UNUSED_FUNCTION = YES;
				GCC_WARN_UNUSED_VARIABLE = YES;
				IPHONEOS_DEPLOYMENT_TARGET = 8.0;
				MTL_ENABLE_DEBUG_INFO = NO;
				SDKROOT = iphoneos;
				SWIFT_OPTIMIZATION_LEVEL = "-Owholemodule";
				TARGETED_DEVICE_FAMILY = "1,2";
				VALIDATE_PRODUCT = YES;
				VERSIONING_SYSTEM = "apple-generic";
				VERSION_INFO_PREFIX = "";
			};
			name = Release;
		};
		4A68C2051DB504C30063CA01 /* Debug */ = {
			isa = XCBuildConfiguration;
			buildSettings = {
				CLANG_ENABLE_MODULES = YES;
				CODE_SIGN_IDENTITY = "";
				"CODE_SIGN_IDENTITY[sdk=iphoneos*]" = "iPhone Developer";
				DEFINES_MODULE = YES;
				DEVELOPMENT_TEAM = 3HSG7M3SCR;
				DYLIB_COMPATIBILITY_VERSION = 1;
				DYLIB_CURRENT_VERSION = 1;
				DYLIB_INSTALL_NAME_BASE = "@rpath";
				INFOPLIST_FILE = u2fFramework/Info.plist;
				INSTALL_PATH = "$(LOCAL_LIBRARY_DIR)/Frameworks";
				IPHONEOS_DEPLOYMENT_TARGET = 8.0;
				LD_RUNPATH_SEARCH_PATHS = "$(inherited) @executable_path/Frameworks @loader_path/Frameworks";
				PRODUCT_BUNDLE_IDENTIFIER = dev.tr1ckyf0x.u2fFramework;
				PRODUCT_NAME = "$(TARGET_NAME)";
				SKIP_INSTALL = YES;
				SWIFT_OBJC_BRIDGING_HEADER = "";
				SWIFT_OPTIMIZATION_LEVEL = "-Onone";
				SWIFT_VERSION = 3.0;
			};
			name = Debug;
		};
		4A68C2061DB504C30063CA01 /* Release */ = {
			isa = XCBuildConfiguration;
			buildSettings = {
				CLANG_ENABLE_MODULES = YES;
				CODE_SIGN_IDENTITY = "";
				DEFINES_MODULE = YES;
				DEVELOPMENT_TEAM = 3HSG7M3SCR;
				DYLIB_COMPATIBILITY_VERSION = 1;
				DYLIB_CURRENT_VERSION = 1;
				DYLIB_INSTALL_NAME_BASE = "@rpath";
				INFOPLIST_FILE = u2fFramework/Info.plist;
				INSTALL_PATH = "$(LOCAL_LIBRARY_DIR)/Frameworks";
				IPHONEOS_DEPLOYMENT_TARGET = 8.0;
				LD_RUNPATH_SEARCH_PATHS = "$(inherited) @executable_path/Frameworks @loader_path/Frameworks";
				PRODUCT_BUNDLE_IDENTIFIER = dev.tr1ckyf0x.u2fFramework;
				PRODUCT_NAME = "$(TARGET_NAME)";
				SKIP_INSTALL = YES;
				SWIFT_OBJC_BRIDGING_HEADER = "";
				SWIFT_VERSION = 3.0;
			};
			name = Release;
		};
		4A68C2081DB504C30063CA01 /* Debug */ = {
			isa = XCBuildConfiguration;
			buildSettings = {
				ALWAYS_EMBED_SWIFT_STANDARD_LIBRARIES = YES;
				BUNDLE_LOADER = "$(TEST_HOST)";
				"CODE_SIGN_IDENTITY[sdk=iphoneos*]" = "iPhone Developer";
				DEVELOPMENT_TEAM = 3HSG7M3SCR;
				INFOPLIST_FILE = u2fFrameworkTests/Info.plist;
				LD_RUNPATH_SEARCH_PATHS = "$(inherited) @executable_path/Frameworks @loader_path/Frameworks";
				PRODUCT_BUNDLE_IDENTIFIER = dev.tr1ckyf0x.u2fFrameworkTests;
				PRODUCT_NAME = "$(TARGET_NAME)";
				SWIFT_VERSION = 3.0;
				TEST_HOST = "$(BUILT_PRODUCTS_DIR)/u2fFrameworkDemo.app/u2fFrameworkDemo";
			};
			name = Debug;
		};
		4A68C2091DB504C30063CA01 /* Release */ = {
			isa = XCBuildConfiguration;
			buildSettings = {
				ALWAYS_EMBED_SWIFT_STANDARD_LIBRARIES = YES;
				BUNDLE_LOADER = "$(TEST_HOST)";
				"CODE_SIGN_IDENTITY[sdk=iphoneos*]" = "iPhone Developer";
				DEVELOPMENT_TEAM = 3HSG7M3SCR;
				INFOPLIST_FILE = u2fFrameworkTests/Info.plist;
				LD_RUNPATH_SEARCH_PATHS = "$(inherited) @executable_path/Frameworks @loader_path/Frameworks";
				PRODUCT_BUNDLE_IDENTIFIER = dev.tr1ckyf0x.u2fFrameworkTests;
				PRODUCT_NAME = "$(TARGET_NAME)";
				SWIFT_VERSION = 3.0;
				TEST_HOST = "$(BUILT_PRODUCTS_DIR)/u2fFrameworkDemo.app/u2fFrameworkDemo";
			};
			name = Release;
		};
		4AC9056C1E6C99300020EBDD /* Debug */ = {
			isa = XCBuildConfiguration;
			buildSettings = {
				ALWAYS_EMBED_SWIFT_STANDARD_LIBRARIES = YES;
				ASSETCATALOG_COMPILER_APPICON_NAME = AppIcon;
				CODE_SIGN_ENTITLEMENTS = u2fFrameworkDemo/u2fFrameworkDemo.entitlements;
				DEVELOPMENT_TEAM = 3HSG7M3SCR;
				INFOPLIST_FILE = u2fFrameworkDemo/Info.plist;
				IPHONEOS_DEPLOYMENT_TARGET = 8.0;
				LD_RUNPATH_SEARCH_PATHS = "$(inherited) @executable_path/Frameworks";
				PRODUCT_BUNDLE_IDENTIFIER = dev.tr1ckyf0x.u2fFrameworkDemo;
				PRODUCT_NAME = "$(TARGET_NAME)";
				SWIFT_VERSION = 3.0;
			};
			name = Debug;
		};
		4AC9056D1E6C99300020EBDD /* Release */ = {
			isa = XCBuildConfiguration;
			buildSettings = {
				ALWAYS_EMBED_SWIFT_STANDARD_LIBRARIES = YES;
				ASSETCATALOG_COMPILER_APPICON_NAME = AppIcon;
				CODE_SIGN_ENTITLEMENTS = u2fFrameworkDemo/u2fFrameworkDemo.entitlements;
				DEVELOPMENT_TEAM = 3HSG7M3SCR;
				INFOPLIST_FILE = u2fFrameworkDemo/Info.plist;
				IPHONEOS_DEPLOYMENT_TARGET = 8.0;
				LD_RUNPATH_SEARCH_PATHS = "$(inherited) @executable_path/Frameworks";
				PRODUCT_BUNDLE_IDENTIFIER = dev.tr1ckyf0x.u2fFrameworkDemo;
				PRODUCT_NAME = "$(TARGET_NAME)";
				SWIFT_VERSION = 3.0;
			};
			name = Release;
		};
/* End XCBuildConfiguration section */

/* Begin XCConfigurationList section */
		4A3BFF291E712F8800491E84 /* Build configuration list for PBXNativeTarget "u2fEmulatorMac" */ = {
			isa = XCConfigurationList;
			buildConfigurations = (
				4A3BFF271E712F8800491E84 /* Debug */,
				4A3BFF281E712F8800491E84 /* Release */,
			);
			defaultConfigurationIsVisible = 0;
			defaultConfigurationName = Release;
		};
		4A68C1EA1DB504C30063CA01 /* Build configuration list for PBXProject "u2fFramework" */ = {
			isa = XCConfigurationList;
			buildConfigurations = (
				4A68C2021DB504C30063CA01 /* Debug */,
				4A68C2031DB504C30063CA01 /* Release */,
			);
			defaultConfigurationIsVisible = 0;
			defaultConfigurationName = Release;
		};
		4A68C2041DB504C30063CA01 /* Build configuration list for PBXNativeTarget "u2fFramework" */ = {
			isa = XCConfigurationList;
			buildConfigurations = (
				4A68C2051DB504C30063CA01 /* Debug */,
				4A68C2061DB504C30063CA01 /* Release */,
			);
			defaultConfigurationIsVisible = 0;
			defaultConfigurationName = Release;
		};
		4A68C2071DB504C30063CA01 /* Build configuration list for PBXNativeTarget "u2fFrameworkTests" */ = {
			isa = XCConfigurationList;
			buildConfigurations = (
				4A68C2081DB504C30063CA01 /* Debug */,
				4A68C2091DB504C30063CA01 /* Release */,
			);
			defaultConfigurationIsVisible = 0;
			defaultConfigurationName = Release;
		};
		4AC9056E1E6C99300020EBDD /* Build configuration list for PBXNativeTarget "u2fFrameworkDemo" */ = {
			isa = XCConfigurationList;
			buildConfigurations = (
				4AC9056C1E6C99300020EBDD /* Debug */,
				4AC9056D1E6C99300020EBDD /* Release */,
			);
			defaultConfigurationIsVisible = 0;
			defaultConfigurationName = Release;
		};
/* End XCConfigurationList section */
	};
	rootObject = 4A68C1E71DB504C30063CA01 /* Project object */;
}
